
Microsoft Visual Studio Solution File, Format Version 12.00
Project("{FAE04EC0-301F-11D3-BF4B-00C04F79EFBC}") = "WebApplication", "WebApplication\WebApplication.csproj", "{E1E6D411-A507-4A0D-A02E-59FFF54C5884}"
EndProject
Global
	GlobalSection(SolutionConfigurationPlatforms) = preSolution
		Debug|Any CPU = Debug|Any CPU
		Release|Any CPU = Release|Any CPU
	EndGlobalSection
	GlobalSection(ProjectConfigurationPlatforms) = postSolution
		{E1E6D411-A507-4A0D-A02E-59FFF54C5884}.Debug|Any CPU.ActiveCfg = Debug|Any CPU
		{E1E6D411-A507-4A0D-A02E-59FFF54C5884}.Debug|Any CPU.Build.0 = Debug|Any CPU
		{E1E6D411-A507-4A0D-A02E-59FFF54C5884}.Release|Any CPU.ActiveCfg = Release|Any CPU
		{E1E6D411-A507-4A0D-A02E-59FFF54C5884}.Release|Any CPU.Build.0 = Release|Any CPU
	EndGlobalSection
EndGlobal
